{
  "name": "@joshuaneely/amfjs",
  "version": "2.0.2",
  "lockfileVersion": 1,
  "requires": true,
  "dependencies": {
    "@types/webpack-env": {
      "version": "1.15.0",
      "resolved": "https://artifactory.adtran.com:443/artifactory/api/npm/npm/@types/webpack-env/-/webpack-env-1.15.0.tgz",
      "integrity": "sha1-vZlW1QRLH7Q+hpqbqRSIYv+Y2f0=",
      "dev": true
    },
    "arg": {
      "version": "4.1.2",
      "resolved": "https://artifactory.adtran.com:443/artifactory/api/npm/npm/arg/-/arg-4.1.2.tgz",
      "integrity": "sha1-5wyQV54Cxj2A461OMdi/24vVAGQ=",
      "dev": true
    },
    "base64-js": {
      "version": "1.3.1",
      "resolved": "https://artifactory.adtran.com:443/artifactory/api/npm/npm/base64-js/-/base64-js-1.3.1.tgz",
      "integrity": "sha1-WOzoy3XdB+ce0IxzarxfrE2/jfE="
    },
    "buffer": {
      "version": "5.4.3",
      "resolved": "https://artifactory.adtran.com:443/artifactory/api/npm/npm/buffer/-/buffer-5.4.3.tgz",
      "integrity": "sha1-P7ycaetxPTI+P8Gole7gcQwHIRU=",
      "requires": {
        "base64-js": "^1.0.2",
        "ieee754": "^1.1.4"
      }
    },
    "buffer-from": {
      "version": "1.1.1",
      "resolved": "https://artifactory.adtran.com:443/artifactory/api/npm/npm/buffer-from/-/buffer-from-1.1.1.tgz",
      "integrity": "sha1-MnE7wCj3XAL9txDXx7zsHyxgcO8=",
      "dev": true
    },
    "diff": {
      "version": "4.0.1",
      "resolved": "https://artifactory.adtran.com:443/artifactory/api/npm/npm/diff/-/diff-4.0.1.tgz",
      "integrity": "sha1-DGZ8tGfru1zqfxTxNcwtuneAqP8=",
      "dev": true
    },
    "ieee754": {
      "version": "1.1.13",
      "resolved": "https://artifactory.adtran.com:443/artifactory/api/npm/npm/ieee754/-/ieee754-1.1.13.tgz",
      "integrity": "sha1-7BaFWOlaoYH9h9N/VcMrvLZwi4Q="
    },
    "make-error": {
      "version": "1.3.5",
      "resolved": "https://artifactory.adtran.com:443/artifactory/api/npm/npm/make-error/-/make-error-1.3.5.tgz",
      "integrity": "sha1-7+ToH22yjK3WBccPKcgxtY73dsg=",
      "dev": true
    },
    "source-map": {
      "version": "0.6.1",
      "resolved": "https://artifactory.adtran.com:443/artifactory/api/npm/npm/source-map/-/source-map-0.6.1.tgz",
      "integrity": "sha1-dHIq8y6WFOnCh6jQu95IteLxomM=",
      "dev": true
    },
    "source-map-support": {
      "version": "0.5.16",
      "resolved": "https://artifactory.adtran.com:443/artifactory/api/npm/npm/source-map-support/-/source-map-support-0.5.16.tgz",
      "integrity": "sha1-CuBp5/47p1OMZMmFFeNTOerFoEI=",
      "dev": true,
      "requires": {
        "buffer-from": "^1.0.0",
        "source-map": "^0.6.0"
      }
    },
    "ts-node": {
      "version": "8.5.4",
      "resolved": "https://artifactory.adtran.com:443/artifactory/api/npm/npm/ts-node/-/ts-node-8.5.4.tgz",
      "integrity": "sha1-oVKt0R+hnCIdC0iWLCEM9GcmKrI=",
      "dev": true,
      "requires": {
        "arg": "^4.1.0",
        "diff": "^4.0.1",
        "make-error": "^1.1.1",
        "source-map-support": "^0.5.6",
        "yn": "^3.0.0"
      }
    },
    "typescript": {
      "version": "3.7.4",
      "resolved": "https://artifactory.adtran.com:443/artifactory/api/npm/npm/typescript/-/typescript-3.7.4.tgz",
      "integrity": "sha1-F0Ol7F/vah+p8+RwjjPIHHOHbBk=",
      "dev": true
    },
    "yn": {
      "version": "3.1.1",
      "resolved": "https://artifactory.adtran.com:443/artifactory/api/npm/npm/yn/-/yn-3.1.1.tgz",
      "integrity": "sha1-HodAGgnXZ8HV6rJqbkwYUYLS61A=",
      "dev": true
    }
  }
}
